Microsoft Visual Studio Solution File, Format Version 12.00
# Visual Studio Version 17
VisualStudioVersion = 17.5.2.0
MinimumVisualStudioVersion = 10.0.40219.1
Project("{FAE04EC0-301F-11D3-BF4B-00C04F79EFBC}") = "OjiSoftPortal", "OjiSoftPortal.csproj", "{326D8FC1-5A3B-6985-48AA-35CF75CD5832}"
EndProject
Global
	GlobalSection(SolutionConfigurationPlatforms) = preSolution
		Debug|Any CPU = Debug|Any CPU
		Release|Any CPU = Release|Any CPU
	EndGlobalSection
	GlobalSection(ProjectConfigurationPlatforms) = postSolution
		{326D8FC1-5A3B-6985-48AA-35CF75CD5832}.Debug|Any CPU.ActiveCfg = Debug|Any CPU
		{326D8FC1-5A3B-6985-48AA-35CF75CD5832}.Debug|Any CPU.Build.0 = Debug|Any CPU
		{326D8FC1-5A3B-6985-48AA-35CF75CD5832}.Release|Any CPU.ActiveCfg = Release|Any CPU
		{326D8FC1-5A3B-6985-48AA-35CF75CD5832}.Release|Any CPU.Build.0 = Release|Any CPU
	EndGlobalSection
	GlobalSection(SolutionProperties) = preSolution
		HideSolutionNode = FALSE
	EndGlobalSection
	GlobalSection(ExtensibilityGlobals) = postSolution
		SolutionGuid = {E421E236-E585-4142-BB2D-1B6B3BDB559D}
	EndGlobalSection
EndGlobal
